
Microsoft Visual Studio Solution File, Format Version 12.00
# Visual Studio Version 16
VisualStudioVersion = 16.0.31112.23
MinimumVisualStudioVersion = 10.0.40219.1
Project("{FAE04EC0-301F-11D3-BF4B-00C04F79EFBC}") = "Resources.API", "Resources.API\Resources.API.csproj", "{78EB12D8-0519-417D-90F3-B383D44BF7B5}"
EndProject
Global
	GlobalSection(SolutionConfigurationPlatforms) = preSolution
		Debug|Any CPU = Debug|Any CPU
		Release|Any CPU = Release|Any CPU
	EndGlobalSection
	GlobalSection(ProjectConfigurationPlatforms) = postSolution
		{78EB12D8-0519-417D-90F3-B383D44BF7B5}.Debug|Any CPU.ActiveCfg = Debug|Any CPU
		{78EB12D8-0519-417D-90F3-B383D44BF7B5}.Debug|Any CPU.Build.0 = Debug|Any CPU
		{78EB12D8-0519-417D-90F3-B383D44BF7B5}.Release|Any CPU.ActiveCfg = Release|Any CPU
		{78EB12D8-0519-417D-90F3-B383D44BF7B5}.Release|Any CPU.Build.0 = Release|Any CPU
	EndGlobalSection
	GlobalSection(SolutionProperties) = preSolution
		HideSolutionNode = FALSE
	EndGlobalSection
	GlobalSection(ExtensibilityGlobals) = postSolution
		SolutionGuid = {3DAF2730-27A5-4509-BB36-13725EFDD964}
	EndGlobalSection
EndGlobal
